
Microsoft Visual Studio Solution File, Format Version 12.00
# Visual Studio 15
VisualStudioVersion = 15.0.28307.168
MinimumVisualStudioVersion = 10.0.40219.1
Project("{8BC9CEB8-8B4A-11D0-8D11-00A0C91BC942}") = "InverseMatrix", "InverseMatrix\InverseMatrix.vcxproj", "{3B69CD34-596D-447A-8507-32F415F6FB9C}"
EndProject
Project("{8BC9CEB8-8B4A-11D0-8D11-00A0C91BC942}") = "ProjectFromTemplate", "InverseMatrix1\InverseMatrix1.vcxproj", "{AE12C0CE-D68A-417F-ABA9-C2890AD20BA2}"
EndProject
Project("{8BC9CEB8-8B4A-11D0-8D11-00A0C91BC942}") = "Okno", "InverseMatrix2\InverseMatrix2.vcxproj", "{C5CCA2F8-4AB0-4A37-98F8-0D4C4C7A476D}"
EndProject
Global
	GlobalSection(SolutionConfigurationPlatforms) = preSolution
		Debug|x64 = Debug|x64
		Debug|x86 = Debug|x86
		Release|x64 = Release|x64
		Release|x86 = Release|x86
	EndGlobalSection
	GlobalSection(ProjectConfigurationPlatforms) = postSolution
		{3B69CD34-596D-447A-8507-32F415F6FB9C}.Debug|x64.ActiveCfg = Debug|x64
		{3B69CD34-596D-447A-8507-32F415F6FB9C}.Debug|x64.Build.0 = Debug|x64
		{3B69CD34-596D-447A-8507-32F415F6FB9C}.Debug|x86.ActiveCfg = Debug|Win32
		{3B69CD34-596D-447A-8507-32F415F6FB9C}.Debug|x86.Build.0 = Debug|Win32
		{3B69CD34-596D-447A-8507-32F415F6FB9C}.Release|x64.ActiveCfg = Release|x64
		{3B69CD34-596D-447A-8507-32F415F6FB9C}.Release|x64.Build.0 = Release|x64
		{3B69CD34-596D-447A-8507-32F415F6FB9C}.Release|x86.ActiveCfg = Release|Win32
		{3B69CD34-596D-447A-8507-32F415F6FB9C}.Release|x86.Build.0 = Release|Win32
		{AE12C0CE-D68A-417F-ABA9-C2890AD20BA2}.Debug|x64.ActiveCfg = Debug|x64
		{AE12C0CE-D68A-417F-ABA9-C2890AD20BA2}.Debug|x64.Build.0 = Debug|x64
		{AE12C0CE-D68A-417F-ABA9-C2890AD20BA2}.Debug|x86.ActiveCfg = Debug|Win32
		{AE12C0CE-D68A-417F-ABA9-C2890AD20BA2}.Debug|x86.Build.0 = Debug|Win32
		{AE12C0CE-D68A-417F-ABA9-C2890AD20BA2}.Release|x64.ActiveCfg = Release|x64
		{AE12C0CE-D68A-417F-ABA9-C2890AD20BA2}.Release|x64.Build.0 = Release|x64
		{AE12C0CE-D68A-417F-ABA9-C2890AD20BA2}.Release|x86.ActiveCfg = Release|Win32
		{AE12C0CE-D68A-417F-ABA9-C2890AD20BA2}.Release|x86.Build.0 = Release|Win32
		{C5CCA2F8-4AB0-4A37-98F8-0D4C4C7A476D}.Debug|x64.ActiveCfg = Debug|x64
		{C5CCA2F8-4AB0-4A37-98F8-0D4C4C7A476D}.Debug|x64.Build.0 = Debug|x64
		{C5CCA2F8-4AB0-4A37-98F8-0D4C4C7A476D}.Debug|x86.ActiveCfg = Debug|Win32
		{C5CCA2F8-4AB0-4A37-98F8-0D4C4C7A476D}.Debug|x86.Build.0 = Debug|Win32
		{C5CCA2F8-4AB0-4A37-98F8-0D4C4C7A476D}.Release|x64.ActiveCfg = Release|x64
		{C5CCA2F8-4AB0-4A37-98F8-0D4C4C7A476D}.Release|x64.Build.0 = Release|x64
		{C5CCA2F8-4AB0-4A37-98F8-0D4C4C7A476D}.Release|x86.ActiveCfg = Release|Win32
		{C5CCA2F8-4AB0-4A37-98F8-0D4C4C7A476D}.Release|x86.Build.0 = Release|Win32
	EndGlobalSection
	GlobalSection(SolutionProperties) = preSolution
		HideSolutionNode = FALSE
	EndGlobalSection
	GlobalSection(ExtensibilityGlobals) = postSolution
		SolutionGuid = {EB773374-08F1-4FA2-965A-B52A187C8CEE}
	EndGlobalSection
EndGlobal
